
Microsoft Visual Studio Solution File, Format Version 12.00
# Visual Studio Version 17
VisualStudioVersion = 17.1.32210.238
MinimumVisualStudioVersion = 10.0.40219.1
Project("{FAE04EC0-301F-11D3-BF4B-00C04F79EFBC}") = "bulanbulanan", "bulanbulanan\bulanbulanan.csproj", "{4A570444-0E7A-4A7F-B0D0-8D6C4A7BC085}"
EndProject
Global
	GlobalSection(SolutionConfigurationPlatforms) = preSolution
		Debug|Any CPU = Debug|Any CPU
		Release|Any CPU = Release|Any CPU
	EndGlobalSection
	GlobalSection(ProjectConfigurationPlatforms) = postSolution
		{4A570444-0E7A-4A7F-B0D0-8D6C4A7BC085}.Debug|Any CPU.ActiveCfg = Debug|Any CPU
		{4A570444-0E7A-4A7F-B0D0-8D6C4A7BC085}.Debug|Any CPU.Build.0 = Debug|Any CPU
		{4A570444-0E7A-4A7F-B0D0-8D6C4A7BC085}.Release|Any CPU.ActiveCfg = Release|Any CPU
		{4A570444-0E7A-4A7F-B0D0-8D6C4A7BC085}.Release|Any CPU.Build.0 = Release|Any CPU
	EndGlobalSection
	GlobalSection(SolutionProperties) = preSolution
		HideSolutionNode = FALSE
	EndGlobalSection
	GlobalSection(ExtensibilityGlobals) = postSolution
		SolutionGuid = {8BA29DBB-426B-4541-853B-1525BF88C6F3}
	EndGlobalSection
EndGlobal
